
Microsoft Visual Studio Solution File, Format Version 10.00
# Visual Studio 2008
Project("{2150E333-8FDC-42A3-9474-1A3956D46DE8}") = "Algorithms", "Algorithms", "{CD7D2C01-2435-4509-B316-EB14AF22D477}"
	ProjectSection(SolutionItems) = preProject
		Algorithms\Interface.h = Algorithms\Interface.h
	EndProjectSection
EndProject
Project("{8BC9CEB8-8B4A-11D0-8D11-00A0C91BC942}") = "Common", "Algorithms\Common\Common.vcproj", "{70D26729-DED0-47D3-BB76-A55B8D83ADA5}"
	ProjectSection(ProjectDependencies) = postProject
		{50875C87-A9DE-4699-8A47-26A2BB1A9E4D} = {50875C87-A9DE-4699-8A47-26A2BB1A9E4D}
		{B20F5CB7-72DA-497C-9182-050EC967AB9D} = {B20F5CB7-72DA-497C-9182-050EC967AB9D}
		{AE3113EA-35F5-4FCE-A60E-067AECA4839A} = {AE3113EA-35F5-4FCE-A60E-067AECA4839A}
	EndProjectSection
EndProject
Project("{2150E333-8FDC-42A3-9474-1A3956D46DE8}") = "Detection", "Detection", "{BE2B4026-CC91-473D-AC2E-3467ABF25F3D}"
EndProject
Project("{8BC9CEB8-8B4A-11D0-8D11-00A0C91BC942}") = "Common", "Algorithms\Detection\Common\Common.vcproj", "{50875C87-A9DE-4699-8A47-26A2BB1A9E4D}"
EndProject
Project("{8BC9CEB8-8B4A-11D0-8D11-00A0C91BC942}") = "Rowley", "Algorithms\Detection\Rowley\Rowley.vcproj", "{D413FAF5-1194-4720-ACF6-35A54263A405}"
	ProjectSection(ProjectDependencies) = postProject
		{6EB8D65F-6FEA-4DAB-8FFD-862107E96EF5} = {6EB8D65F-6FEA-4DAB-8FFD-862107E96EF5}
		{AE3113EA-35F5-4FCE-A60E-067AECA4839A} = {AE3113EA-35F5-4FCE-A60E-067AECA4839A}
	EndProjectSection
EndProject
Project("{8BC9CEB8-8B4A-11D0-8D11-00A0C91BC942}") = "ViolaJones", "Algorithms\Detection\ViolaJones\ViolaJones.vcproj", "{F55CB465-380B-4C5D-9968-197C0EDA7E1D}"
	ProjectSection(ProjectDependencies) = postProject
		{6EB8D65F-6FEA-4DAB-8FFD-862107E96EF5} = {6EB8D65F-6FEA-4DAB-8FFD-862107E96EF5}
		{AE3113EA-35F5-4FCE-A60E-067AECA4839A} = {AE3113EA-35F5-4FCE-A60E-067AECA4839A}
	EndProjectSection
EndProject
Project("{2150E333-8FDC-42A3-9474-1A3956D46DE8}") = "Plugins", "Plugins", "{2155C61B-0B85-4286-882A-8AC2F351C97C}"
EndProject
Project("{2150E333-8FDC-42A3-9474-1A3956D46DE8}") = "Sources", "Sources", "{952BDA0E-3A01-409B-9353-A671FC2F03E7}"
	ProjectSection(SolutionItems) = preProject
		Plugins\Sources\Interface.h = Plugins\Sources\Interface.h
	EndProjectSection
EndProject
Project("{2150E333-8FDC-42A3-9474-1A3956D46DE8}") = "Common", "Common", "{9EABA71B-B108-4662-A156-40344E04CC63}"
EndProject
Project("{8BC9CEB8-8B4A-11D0-8D11-00A0C91BC942}") = "Frame", "Common\Frame\Frame.vcproj", "{AE3113EA-35F5-4FCE-A60E-067AECA4839A}"
	ProjectSection(ProjectDependencies) = postProject
		{3BFAAC7A-E7B0-4F7A-BA27-8B148BF4764F} = {3BFAAC7A-E7B0-4F7A-BA27-8B148BF4764F}
	EndProjectSection
EndProject
Project("{2150E333-8FDC-42A3-9474-1A3956D46DE8}") = "Databases", "Databases", "{6C40BCE0-8A65-4F71-B0A5-B381AE37ECC7}"
EndProject
Project("{8BC9CEB8-8B4A-11D0-8D11-00A0C91BC942}") = "Cache", "Plugins\Databases\Cache\Cache.vcproj", "{47D8D611-FF33-405B-ACEE-22D9AC75FE7F}"
	ProjectSection(ProjectDependencies) = postProject
		{FF6B4F47-8998-4B90-A91B-407A9C9C06FD} = {FF6B4F47-8998-4B90-A91B-407A9C9C06FD}
		{AE3113EA-35F5-4FCE-A60E-067AECA4839A} = {AE3113EA-35F5-4FCE-A60E-067AECA4839A}
	EndProjectSection
EndProject
Project("{8BC9CEB8-8B4A-11D0-8D11-00A0C91BC942}") = "Capture", "Plugins\Sources\Capture\Capture.vcproj", "{33479CB3-7746-45BB-B1A2-884DD442333C}"
	ProjectSection(ProjectDependencies) = postProject
		{AE3113EA-35F5-4FCE-A60E-067AECA4839A} = {AE3113EA-35F5-4FCE-A60E-067AECA4839A}
	EndProjectSection
EndProject
Project("{8BC9CEB8-8B4A-11D0-8D11-00A0C91BC942}") = "Image", "Plugins\Sources\Image\Image.vcproj", "{CB56BC16-479D-48DD-A363-96C3CE069275}"
	ProjectSection(ProjectDependencies) = postProject
		{AE3113EA-35F5-4FCE-A60E-067AECA4839A} = {AE3113EA-35F5-4FCE-A60E-067AECA4839A}
	EndProjectSection
EndProject
Project("{8BC9CEB8-8B4A-11D0-8D11-00A0C91BC942}") = "Video", "Plugins\Sources\Video\Video.vcproj", "{F8B612DD-B540-44C1-B951-30C2B9BA096C}"
	ProjectSection(ProjectDependencies) = postProject
		{AE3113EA-35F5-4FCE-A60E-067AECA4839A} = {AE3113EA-35F5-4FCE-A60E-067AECA4839A}
	EndProjectSection
EndProject
Project("{8BC9CEB8-8B4A-11D0-8D11-00A0C91BC942}") = "Settings", "Common\Settings\Settings.vcproj", "{6EB8D65F-6FEA-4DAB-8FFD-862107E96EF5}"
EndProject
Project("{8BC9CEB8-8B4A-11D0-8D11-00A0C91BC942}") = "CRC", "Common\CRC\CRC.vcproj", "{3BFAAC7A-E7B0-4F7A-BA27-8B148BF4764F}"
EndProject
Project("{8BC9CEB8-8B4A-11D0-8D11-00A0C91BC942}") = "ModuleLoader", "Common\ModuleLoader\ModuleLoader.vcproj", "{29C62E8B-CF9A-4F97-8A42-9FCE38FBEF3E}"
EndProject
Project("{2150E333-8FDC-42A3-9474-1A3956D46DE8}") = "Vectorization", "Vectorization", "{CD7C6F46-BE63-4047-B9BD-9135047FC161}"
EndProject
Project("{2150E333-8FDC-42A3-9474-1A3956D46DE8}") = "Shape", "Shape", "{1D4E6E0B-1D8D-48EB-B89A-61C9DFBFA2A4}"
EndProject
Project("{8BC9CEB8-8B4A-11D0-8D11-00A0C91BC942}") = "ActiveShapeModel", "Algorithms\Vectorization\Shape\ActiveShapeModel\ActiveShapeModel.vcproj", "{8D7141E9-AC77-401D-963F-0ACB382835D0}"
	ProjectSection(ProjectDependencies) = postProject
		{E465610B-3102-430D-936E-D4FF68A4016A} = {E465610B-3102-430D-936E-D4FF68A4016A}
		{8E0E1914-E44A-42C4-9024-B9FB4A140665} = {8E0E1914-E44A-42C4-9024-B9FB4A140665}
		{6EB8D65F-6FEA-4DAB-8FFD-862107E96EF5} = {6EB8D65F-6FEA-4DAB-8FFD-862107E96EF5}
		{B331B7F6-6DF5-4EF1-B9EF-3DEFC219DDC7} = {B331B7F6-6DF5-4EF1-B9EF-3DEFC219DDC7}
	EndProjectSection
EndProject
Project("{8BC9CEB8-8B4A-11D0-8D11-00A0C91BC942}") = "Common", "Algorithms\Vectorization\Shape\Common\Common.vcproj", "{B331B7F6-6DF5-4EF1-B9EF-3DEFC219DDC7}"
EndProject
Project("{8BC9CEB8-8B4A-11D0-8D11-00A0C91BC942}") = "Common", "Algorithms\Vectorization\Common\Common.vcproj", "{B20F5CB7-72DA-497C-9182-050EC967AB9D}"
	ProjectSection(ProjectDependencies) = postProject
		{B331B7F6-6DF5-4EF1-B9EF-3DEFC219DDC7} = {B331B7F6-6DF5-4EF1-B9EF-3DEFC219DDC7}
	EndProjectSection
EndProject
Project("{2150E333-8FDC-42A3-9474-1A3956D46DE8}") = "Models", "Models", "{D6B1786A-0B9B-49E5-9259-A364EFA26F90}"
EndProject
Project("{8BC9CEB8-8B4A-11D0-8D11-00A0C91BC942}") = "ActiveShapeModel", "Common\Models\ActiveShapeModel\ActiveShapeModel.vcproj", "{E465610B-3102-430D-936E-D4FF68A4016A}"
	ProjectSection(ProjectDependencies) = postProject
		{4B54F7A8-09F3-43CA-9110-8FF56DD17111} = {4B54F7A8-09F3-43CA-9110-8FF56DD17111}
	EndProjectSection
EndProject
Project("{2150E333-8FDC-42A3-9474-1A3956D46DE8}") = "Applications", "Applications", "{0F3338DB-9B6A-4861-BA28-1CA957586C10}"
EndProject
Project("{2150E333-8FDC-42A3-9474-1A3956D46DE8}") = "Generators", "Generators", "{ABF4E8CA-8284-42F8-BD74-18C3E38A3490}"
EndProject
Project("{8BC9CEB8-8B4A-11D0-8D11-00A0C91BC942}") = "FaceDBShell", "Applications\FaceDBShell\FaceDBShell.vcproj", "{B504586B-F207-4FCA-90DE-4CAEB368283B}"
	ProjectSection(ProjectDependencies) = postProject
		{E465610B-3102-430D-936E-D4FF68A4016A} = {E465610B-3102-430D-936E-D4FF68A4016A}
		{47D8D611-FF33-405B-ACEE-22D9AC75FE7F} = {47D8D611-FF33-405B-ACEE-22D9AC75FE7F}
		{CB56BC16-479D-48DD-A363-96C3CE069275} = {CB56BC16-479D-48DD-A363-96C3CE069275}
		{70D26729-DED0-47D3-BB76-A55B8D83ADA5} = {70D26729-DED0-47D3-BB76-A55B8D83ADA5}
		{6EB8D65F-6FEA-4DAB-8FFD-862107E96EF5} = {6EB8D65F-6FEA-4DAB-8FFD-862107E96EF5}
		{F55CB465-380B-4C5D-9968-197C0EDA7E1D} = {F55CB465-380B-4C5D-9968-197C0EDA7E1D}
		{29C62E8B-CF9A-4F97-8A42-9FCE38FBEF3E} = {29C62E8B-CF9A-4F97-8A42-9FCE38FBEF3E}
		{8D7141E9-AC77-401D-963F-0ACB382835D0} = {8D7141E9-AC77-401D-963F-0ACB382835D0}
		{AE3113EA-35F5-4FCE-A60E-067AECA4839A} = {AE3113EA-35F5-4FCE-A60E-067AECA4839A}
		{D413FAF5-1194-4720-ACF6-35A54263A405} = {D413FAF5-1194-4720-ACF6-35A54263A405}
	EndProjectSection
EndProject
Project("{8BC9CEB8-8B4A-11D0-8D11-00A0C91BC942}") = "TestShell", "Applications\TestShell\TestShell.vcproj", "{C3CD6971-00C8-4F41-BD1C-EFC9C076FACE}"
	ProjectSection(ProjectDependencies) = postProject
		{CB56BC16-479D-48DD-A363-96C3CE069275} = {CB56BC16-479D-48DD-A363-96C3CE069275}
		{70D26729-DED0-47D3-BB76-A55B8D83ADA5} = {70D26729-DED0-47D3-BB76-A55B8D83ADA5}
		{6EB8D65F-6FEA-4DAB-8FFD-862107E96EF5} = {6EB8D65F-6FEA-4DAB-8FFD-862107E96EF5}
		{F55CB465-380B-4C5D-9968-197C0EDA7E1D} = {F55CB465-380B-4C5D-9968-197C0EDA7E1D}
		{29C62E8B-CF9A-4F97-8A42-9FCE38FBEF3E} = {29C62E8B-CF9A-4F97-8A42-9FCE38FBEF3E}
		{33479CB3-7746-45BB-B1A2-884DD442333C} = {33479CB3-7746-45BB-B1A2-884DD442333C}
		{F8B612DD-B540-44C1-B951-30C2B9BA096C} = {F8B612DD-B540-44C1-B951-30C2B9BA096C}
		{AE3113EA-35F5-4FCE-A60E-067AECA4839A} = {AE3113EA-35F5-4FCE-A60E-067AECA4839A}
		{D413FAF5-1194-4720-ACF6-35A54263A405} = {D413FAF5-1194-4720-ACF6-35A54263A405}
	EndProjectSection
EndProject
Project("{8BC9CEB8-8B4A-11D0-8D11-00A0C91BC942}") = "ActiveShapeModel", "Applications\Generators\ActiveShapeModel\ActiveShapeModel.vcproj", "{5BC14F79-BC62-4A89-B5E1-D1CA53F97147}"
	ProjectSection(ProjectDependencies) = postProject
		{E465610B-3102-430D-936E-D4FF68A4016A} = {E465610B-3102-430D-936E-D4FF68A4016A}
		{47D8D611-FF33-405B-ACEE-22D9AC75FE7F} = {47D8D611-FF33-405B-ACEE-22D9AC75FE7F}
		{70D26729-DED0-47D3-BB76-A55B8D83ADA5} = {70D26729-DED0-47D3-BB76-A55B8D83ADA5}
		{FF6B4F47-8998-4B90-A91B-407A9C9C06FD} = {FF6B4F47-8998-4B90-A91B-407A9C9C06FD}
		{6EB8D65F-6FEA-4DAB-8FFD-862107E96EF5} = {6EB8D65F-6FEA-4DAB-8FFD-862107E96EF5}
		{50875C87-A9DE-4699-8A47-26A2BB1A9E4D} = {50875C87-A9DE-4699-8A47-26A2BB1A9E4D}
		{29C62E8B-CF9A-4F97-8A42-9FCE38FBEF3E} = {29C62E8B-CF9A-4F97-8A42-9FCE38FBEF3E}
	EndProjectSection
EndProject
Project("{8BC9CEB8-8B4A-11D0-8D11-00A0C91BC942}") = "Math", "Common\Math\Math.vcproj", "{4B54F7A8-09F3-43CA-9110-8FF56DD17111}"
EndProject
Project("{2150E333-8FDC-42A3-9474-1A3956D46DE8}") = "Adapters", "Adapters", "{FFF4457A-AAC4-4899-BD2F-978E1B0443B6}"
EndProject
Project("{8BC9CEB8-8B4A-11D0-8D11-00A0C91BC942}") = "Matlab", "Adapters\Matlab\Matlab.vcproj", "{8E0E1914-E44A-42C4-9024-B9FB4A140665}"
	ProjectSection(ProjectDependencies) = postProject
		{50875C87-A9DE-4699-8A47-26A2BB1A9E4D} = {50875C87-A9DE-4699-8A47-26A2BB1A9E4D}
		{4B54F7A8-09F3-43CA-9110-8FF56DD17111} = {4B54F7A8-09F3-43CA-9110-8FF56DD17111}
		{AE3113EA-35F5-4FCE-A60E-067AECA4839A} = {AE3113EA-35F5-4FCE-A60E-067AECA4839A}
	EndProjectSection
EndProject
Project("{8BC9CEB8-8B4A-11D0-8D11-00A0C91BC942}") = "Types", "Plugins\Databases\Types\Types.vcproj", "{FF6B4F47-8998-4B90-A91B-407A9C9C06FD}"
	ProjectSection(ProjectDependencies) = postProject
		{AE3113EA-35F5-4FCE-A60E-067AECA4839A} = {AE3113EA-35F5-4FCE-A60E-067AECA4839A}
	EndProjectSection
EndProject
Global
	GlobalSection(SolutionConfigurationPlatforms) = preSolution
		Debug|Win32 = Debug|Win32
		Release|Win32 = Release|Win32
	EndGlobalSection
	GlobalSection(ProjectConfigurationPlatforms) = postSolution
		{70D26729-DED0-47D3-BB76-A55B8D83ADA5}.Debug|Win32.ActiveCfg = Debug|Win32
		{70D26729-DED0-47D3-BB76-A55B8D83ADA5}.Debug|Win32.Build.0 = Debug|Win32
		{70D26729-DED0-47D3-BB76-A55B8D83ADA5}.Release|Win32.ActiveCfg = Release|Win32
		{70D26729-DED0-47D3-BB76-A55B8D83ADA5}.Release|Win32.Build.0 = Release|Win32
		{50875C87-A9DE-4699-8A47-26A2BB1A9E4D}.Debug|Win32.ActiveCfg = Debug|Win32
		{50875C87-A9DE-4699-8A47-26A2BB1A9E4D}.Debug|Win32.Build.0 = Debug|Win32
		{50875C87-A9DE-4699-8A47-26A2BB1A9E4D}.Release|Win32.ActiveCfg = Release|Win32
		{50875C87-A9DE-4699-8A47-26A2BB1A9E4D}.Release|Win32.Build.0 = Release|Win32
		{D413FAF5-1194-4720-ACF6-35A54263A405}.Debug|Win32.ActiveCfg = Debug|Win32
		{D413FAF5-1194-4720-ACF6-35A54263A405}.Debug|Win32.Build.0 = Debug|Win32
		{D413FAF5-1194-4720-ACF6-35A54263A405}.Release|Win32.ActiveCfg = Release|Win32
		{D413FAF5-1194-4720-ACF6-35A54263A405}.Release|Win32.Build.0 = Release|Win32
		{F55CB465-380B-4C5D-9968-197C0EDA7E1D}.Debug|Win32.ActiveCfg = Debug|Win32
		{F55CB465-380B-4C5D-9968-197C0EDA7E1D}.Debug|Win32.Build.0 = Debug|Win32
		{F55CB465-380B-4C5D-9968-197C0EDA7E1D}.Release|Win32.ActiveCfg = Release|Win32
		{F55CB465-380B-4C5D-9968-197C0EDA7E1D}.Release|Win32.Build.0 = Release|Win32
		{AE3113EA-35F5-4FCE-A60E-067AECA4839A}.Debug|Win32.ActiveCfg = Debug|Win32
		{AE3113EA-35F5-4FCE-A60E-067AECA4839A}.Debug|Win32.Build.0 = Debug|Win32
		{AE3113EA-35F5-4FCE-A60E-067AECA4839A}.Release|Win32.ActiveCfg = Release|Win32
		{AE3113EA-35F5-4FCE-A60E-067AECA4839A}.Release|Win32.Build.0 = Release|Win32
		{47D8D611-FF33-405B-ACEE-22D9AC75FE7F}.Debug|Win32.ActiveCfg = Debug|Win32
		{47D8D611-FF33-405B-ACEE-22D9AC75FE7F}.Debug|Win32.Build.0 = Debug|Win32
		{47D8D611-FF33-405B-ACEE-22D9AC75FE7F}.Release|Win32.ActiveCfg = Release|Win32
		{47D8D611-FF33-405B-ACEE-22D9AC75FE7F}.Release|Win32.Build.0 = Release|Win32
		{33479CB3-7746-45BB-B1A2-884DD442333C}.Debug|Win32.ActiveCfg = Debug|Win32
		{33479CB3-7746-45BB-B1A2-884DD442333C}.Debug|Win32.Build.0 = Debug|Win32
		{33479CB3-7746-45BB-B1A2-884DD442333C}.Release|Win32.ActiveCfg = Release|Win32
		{33479CB3-7746-45BB-B1A2-884DD442333C}.Release|Win32.Build.0 = Release|Win32
		{CB56BC16-479D-48DD-A363-96C3CE069275}.Debug|Win32.ActiveCfg = Debug|Win32
		{CB56BC16-479D-48DD-A363-96C3CE069275}.Debug|Win32.Build.0 = Debug|Win32
		{CB56BC16-479D-48DD-A363-96C3CE069275}.Release|Win32.ActiveCfg = Release|Win32
		{CB56BC16-479D-48DD-A363-96C3CE069275}.Release|Win32.Build.0 = Release|Win32
		{F8B612DD-B540-44C1-B951-30C2B9BA096C}.Debug|Win32.ActiveCfg = Debug|Win32
		{F8B612DD-B540-44C1-B951-30C2B9BA096C}.Debug|Win32.Build.0 = Debug|Win32
		{F8B612DD-B540-44C1-B951-30C2B9BA096C}.Release|Win32.ActiveCfg = Release|Win32
		{F8B612DD-B540-44C1-B951-30C2B9BA096C}.Release|Win32.Build.0 = Release|Win32
		{6EB8D65F-6FEA-4DAB-8FFD-862107E96EF5}.Debug|Win32.ActiveCfg = Debug|Win32
		{6EB8D65F-6FEA-4DAB-8FFD-862107E96EF5}.Debug|Win32.Build.0 = Debug|Win32
		{6EB8D65F-6FEA-4DAB-8FFD-862107E96EF5}.Release|Win32.ActiveCfg = Release|Win32
		{6EB8D65F-6FEA-4DAB-8FFD-862107E96EF5}.Release|Win32.Build.0 = Release|Win32
		{3BFAAC7A-E7B0-4F7A-BA27-8B148BF4764F}.Debug|Win32.ActiveCfg = Debug|Win32
		{3BFAAC7A-E7B0-4F7A-BA27-8B148BF4764F}.Debug|Win32.Build.0 = Debug|Win32
		{3BFAAC7A-E7B0-4F7A-BA27-8B148BF4764F}.Release|Win32.ActiveCfg = Release|Win32
		{3BFAAC7A-E7B0-4F7A-BA27-8B148BF4764F}.Release|Win32.Build.0 = Release|Win32
		{29C62E8B-CF9A-4F97-8A42-9FCE38FBEF3E}.Debug|Win32.ActiveCfg = Debug|Win32
		{29C62E8B-CF9A-4F97-8A42-9FCE38FBEF3E}.Debug|Win32.Build.0 = Debug|Win32
		{29C62E8B-CF9A-4F97-8A42-9FCE38FBEF3E}.Release|Win32.ActiveCfg = Release|Win32
		{29C62E8B-CF9A-4F97-8A42-9FCE38FBEF3E}.Release|Win32.Build.0 = Release|Win32
		{8D7141E9-AC77-401D-963F-0ACB382835D0}.Debug|Win32.ActiveCfg = Debug|Win32
		{8D7141E9-AC77-401D-963F-0ACB382835D0}.Debug|Win32.Build.0 = Debug|Win32
		{8D7141E9-AC77-401D-963F-0ACB382835D0}.Release|Win32.ActiveCfg = Release|Win32
		{8D7141E9-AC77-401D-963F-0ACB382835D0}.Release|Win32.Build.0 = Release|Win32
		{B331B7F6-6DF5-4EF1-B9EF-3DEFC219DDC7}.Debug|Win32.ActiveCfg = Debug|Win32
		{B331B7F6-6DF5-4EF1-B9EF-3DEFC219DDC7}.Debug|Win32.Build.0 = Debug|Win32
		{B331B7F6-6DF5-4EF1-B9EF-3DEFC219DDC7}.Release|Win32.ActiveCfg = Release|Win32
		{B331B7F6-6DF5-4EF1-B9EF-3DEFC219DDC7}.Release|Win32.Build.0 = Release|Win32
		{B20F5CB7-72DA-497C-9182-050EC967AB9D}.Debug|Win32.ActiveCfg = Debug|Win32
		{B20F5CB7-72DA-497C-9182-050EC967AB9D}.Debug|Win32.Build.0 = Debug|Win32
		{B20F5CB7-72DA-497C-9182-050EC967AB9D}.Release|Win32.ActiveCfg = Release|Win32
		{B20F5CB7-72DA-497C-9182-050EC967AB9D}.Release|Win32.Build.0 = Release|Win32
		{E465610B-3102-430D-936E-D4FF68A4016A}.Debug|Win32.ActiveCfg = Debug|Win32
		{E465610B-3102-430D-936E-D4FF68A4016A}.Debug|Win32.Build.0 = Debug|Win32
		{E465610B-3102-430D-936E-D4FF68A4016A}.Release|Win32.ActiveCfg = Release|Win32
		{E465610B-3102-430D-936E-D4FF68A4016A}.Release|Win32.Build.0 = Release|Win32
		{B504586B-F207-4FCA-90DE-4CAEB368283B}.Debug|Win32.ActiveCfg = Debug|Win32
		{B504586B-F207-4FCA-90DE-4CAEB368283B}.Debug|Win32.Build.0 = Debug|Win32
		{B504586B-F207-4FCA-90DE-4CAEB368283B}.Release|Win32.ActiveCfg = Release|Win32
		{B504586B-F207-4FCA-90DE-4CAEB368283B}.Release|Win32.Build.0 = Release|Win32
		{C3CD6971-00C8-4F41-BD1C-EFC9C076FACE}.Debug|Win32.ActiveCfg = Debug|Win32
		{C3CD6971-00C8-4F41-BD1C-EFC9C076FACE}.Debug|Win32.Build.0 = Debug|Win32
		{C3CD6971-00C8-4F41-BD1C-EFC9C076FACE}.Release|Win32.ActiveCfg = Release|Win32
		{C3CD6971-00C8-4F41-BD1C-EFC9C076FACE}.Release|Win32.Build.0 = Release|Win32
		{5BC14F79-BC62-4A89-B5E1-D1CA53F97147}.Debug|Win32.ActiveCfg = Debug|Win32
		{5BC14F79-BC62-4A89-B5E1-D1CA53F97147}.Debug|Win32.Build.0 = Debug|Win32
		{5BC14F79-BC62-4A89-B5E1-D1CA53F97147}.Release|Win32.ActiveCfg = Release|Win32
		{5BC14F79-BC62-4A89-B5E1-D1CA53F97147}.Release|Win32.Build.0 = Release|Win32
		{4B54F7A8-09F3-43CA-9110-8FF56DD17111}.Debug|Win32.ActiveCfg = Debug|Win32
		{4B54F7A8-09F3-43CA-9110-8FF56DD17111}.Debug|Win32.Build.0 = Debug|Win32
		{4B54F7A8-09F3-43CA-9110-8FF56DD17111}.Release|Win32.ActiveCfg = Release|Win32
		{4B54F7A8-09F3-43CA-9110-8FF56DD17111}.Release|Win32.Build.0 = Release|Win32
		{8E0E1914-E44A-42C4-9024-B9FB4A140665}.Debug|Win32.ActiveCfg = Debug|Win32
		{8E0E1914-E44A-42C4-9024-B9FB4A140665}.Debug|Win32.Build.0 = Debug|Win32
		{8E0E1914-E44A-42C4-9024-B9FB4A140665}.Release|Win32.ActiveCfg = Release|Win32
		{8E0E1914-E44A-42C4-9024-B9FB4A140665}.Release|Win32.Build.0 = Release|Win32
		{FF6B4F47-8998-4B90-A91B-407A9C9C06FD}.Debug|Win32.ActiveCfg = Debug|Win32
		{FF6B4F47-8998-4B90-A91B-407A9C9C06FD}.Debug|Win32.Build.0 = Debug|Win32
		{FF6B4F47-8998-4B90-A91B-407A9C9C06FD}.Release|Win32.ActiveCfg = Release|Win32
		{FF6B4F47-8998-4B90-A91B-407A9C9C06FD}.Release|Win32.Build.0 = Release|Win32
	EndGlobalSection
	GlobalSection(SolutionProperties) = preSolution
		HideSolutionNode = FALSE
	EndGlobalSection
	GlobalSection(NestedProjects) = preSolution
		{70D26729-DED0-47D3-BB76-A55B8D83ADA5} = {CD7D2C01-2435-4509-B316-EB14AF22D477}
		{BE2B4026-CC91-473D-AC2E-3467ABF25F3D} = {CD7D2C01-2435-4509-B316-EB14AF22D477}
		{CD7C6F46-BE63-4047-B9BD-9135047FC161} = {CD7D2C01-2435-4509-B316-EB14AF22D477}
		{50875C87-A9DE-4699-8A47-26A2BB1A9E4D} = {BE2B4026-CC91-473D-AC2E-3467ABF25F3D}
		{D413FAF5-1194-4720-ACF6-35A54263A405} = {BE2B4026-CC91-473D-AC2E-3467ABF25F3D}
		{F55CB465-380B-4C5D-9968-197C0EDA7E1D} = {BE2B4026-CC91-473D-AC2E-3467ABF25F3D}
		{952BDA0E-3A01-409B-9353-A671FC2F03E7} = {2155C61B-0B85-4286-882A-8AC2F351C97C}
		{6C40BCE0-8A65-4F71-B0A5-B381AE37ECC7} = {2155C61B-0B85-4286-882A-8AC2F351C97C}
		{33479CB3-7746-45BB-B1A2-884DD442333C} = {952BDA0E-3A01-409B-9353-A671FC2F03E7}
		{CB56BC16-479D-48DD-A363-96C3CE069275} = {952BDA0E-3A01-409B-9353-A671FC2F03E7}
		{F8B612DD-B540-44C1-B951-30C2B9BA096C} = {952BDA0E-3A01-409B-9353-A671FC2F03E7}
		{AE3113EA-35F5-4FCE-A60E-067AECA4839A} = {9EABA71B-B108-4662-A156-40344E04CC63}
		{6EB8D65F-6FEA-4DAB-8FFD-862107E96EF5} = {9EABA71B-B108-4662-A156-40344E04CC63}
		{3BFAAC7A-E7B0-4F7A-BA27-8B148BF4764F} = {9EABA71B-B108-4662-A156-40344E04CC63}
		{29C62E8B-CF9A-4F97-8A42-9FCE38FBEF3E} = {9EABA71B-B108-4662-A156-40344E04CC63}
		{D6B1786A-0B9B-49E5-9259-A364EFA26F90} = {9EABA71B-B108-4662-A156-40344E04CC63}
		{4B54F7A8-09F3-43CA-9110-8FF56DD17111} = {9EABA71B-B108-4662-A156-40344E04CC63}
		{47D8D611-FF33-405B-ACEE-22D9AC75FE7F} = {6C40BCE0-8A65-4F71-B0A5-B381AE37ECC7}
		{FF6B4F47-8998-4B90-A91B-407A9C9C06FD} = {6C40BCE0-8A65-4F71-B0A5-B381AE37ECC7}
		{1D4E6E0B-1D8D-48EB-B89A-61C9DFBFA2A4} = {CD7C6F46-BE63-4047-B9BD-9135047FC161}
		{B20F5CB7-72DA-497C-9182-050EC967AB9D} = {CD7C6F46-BE63-4047-B9BD-9135047FC161}
		{8D7141E9-AC77-401D-963F-0ACB382835D0} = {1D4E6E0B-1D8D-48EB-B89A-61C9DFBFA2A4}
		{B331B7F6-6DF5-4EF1-B9EF-3DEFC219DDC7} = {1D4E6E0B-1D8D-48EB-B89A-61C9DFBFA2A4}
		{E465610B-3102-430D-936E-D4FF68A4016A} = {D6B1786A-0B9B-49E5-9259-A364EFA26F90}
		{ABF4E8CA-8284-42F8-BD74-18C3E38A3490} = {0F3338DB-9B6A-4861-BA28-1CA957586C10}
		{B504586B-F207-4FCA-90DE-4CAEB368283B} = {0F3338DB-9B6A-4861-BA28-1CA957586C10}
		{C3CD6971-00C8-4F41-BD1C-EFC9C076FACE} = {0F3338DB-9B6A-4861-BA28-1CA957586C10}
		{5BC14F79-BC62-4A89-B5E1-D1CA53F97147} = {ABF4E8CA-8284-42F8-BD74-18C3E38A3490}
		{8E0E1914-E44A-42C4-9024-B9FB4A140665} = {FFF4457A-AAC4-4899-BD2F-978E1B0443B6}
	EndGlobalSection
EndGlobal
